github.com/aymerick/douceur v0.2.0 h1:Mv+mAeH1Q+n9Fr+oyamOlAkUNPWPlA8PPGR0QAaYuPk=
github.com/aymerick/douceur v0.2.0/go.mod h1:wlT5vV2O3h55X9m7iVYN0TBM0NH/MmbLnd30/FjWUq4=
github.com/gorilla/css v1.0.0 h1:BQqNyPTi50JCFMTw/b67hByjMVXZRwGha6wxVGkeihY=
github.com/gorilla/css v1.0.0/go.mod h1:Dn721qIggHpt4+EFCcTLTU/vk5ySda2ReITrtgBl60c=
github.com/microcosm-cc/bluemonday v1.0.19 h1:OI7hoF5FY4pFz2VA//RN8TfM0YJ2dJcl4P4APrCWy6c=
github.com/microcosm-cc/bluemonday v1.0.19/go.mod h1:QNzV2UbLK2/53oIIwTOyLUSABMkjZ4tqiyC1g/DyqxE=
github.com/nishakm/strategy_generator v0.0.0-20190117202816-3a3fa5ef640e h1:hVIuZw5pZIzbTqDZZz0J7MuvQ5QWIWkKzI9yvo3s0sU=
github.com/nishakm/strategy_generator v0.0.0-20190117202816-3a3fa5ef640e/go.mod h1:gfo0SKlUdQT8gVhmxfBSKM24eeFXww7H57GPHCcfE8U=
github.com/russross/blackfriday v1.6.0 h1:KqfZb0pUVN2lYqZUYRddxF4OR8ZMURnJIG5Y3VRLtww=
github.com/russross/blackfriday v1.6.0/go.mod h1:ti0ldHuxg49ri4ksnFxlkCfN+hvslNlmVHqNRXXJNAY=
golang.org/x/net v0.0.0-20210614182718-04defd469f4e h1:XpT3nA5TvE525Ne3hInMh6+GETgn27Zfm9dxsThnX2Q=
golang.org/x/net v0.0.0-20210614182718-04defd469f4e/go.mod h1:9nx3DQGgdP8bBQD5qxJ1jj9UTztislL4KSBs9R2vV5Y=
